# This file is automatically @generated by Cargo.
# It is not intended for manual editing.
version = 4

[[package]]
name = "diffy-imara"
version = "0.3.2"
source = "registry+https://github.com/rust-lang/crates.io-index"
checksum = "4429f9205ee235ccaac635400e19507240477be615c4631e3f18a0690881d6db"
dependencies = [
 "imara-diff 0.1.8",
 "nu-ansi-term",
]

[[package]]
name = "dissimilar"
version = "1.0.10"
source = "registry+https://github.com/rust-lang/crates.io-index"
checksum = "8975ffdaa0ef3661bfe02dbdcc06c9f829dfafe6a3c474de366a8d5e44276921"

[[package]]
name = "foldhash"
version = "0.1.5"
source = "registry+https://github.com/rust-lang/crates.io-index"
checksum = "d9c4f5dac5e15c24eb999c26181a6ca40b39fe946cbe4c263c7209467bc83af2"

[[package]]
name = "hashbrown"
version = "0.15.5"
source = "registry+https://github.com/rust-lang/crates.io-index"
checksum = "9229cfe53dfd69f0609a49f65461bd93001ea1ef889cd5529dd176593f5338a1"
dependencies = [
 "foldhash",
]

[[package]]
name = "helix-diff"
version = "0.1.0"
dependencies = [
 "diffy-imara",
 "dissimilar",
 "imara-diff 0.2.0",
]

[[package]]
name = "imara-diff"
version = "0.1.8"
source = "registry+https://github.com/rust-lang/crates.io-index"
checksum = "17d34b7d42178945f775e84bc4c36dde7c1c6cdfea656d3354d009056f2bb3d2"
dependencies = [
 "hashbrown",
]

[[package]]
name = "imara-diff"
version = "0.2.0"
source = "registry+https://github.com/rust-lang/crates.io-index"
checksum = "2f01d462f766df78ab820dd06f5eb700233c51f0f4c2e846520eaf4ba6aa5c5c"
dependencies = [
 "hashbrown",
 "memchr",
]

[[package]]
name = "memchr"
version = "2.8.0"
source = "registry+https://github.com/rust-lang/crates.io-index"
checksum = "f8ca58f447f06ed17d5fc4043ce1b10dd205e060fb3ce5b979b8ed8e59ff3f79"

[[package]]
name = "nu-ansi-term"
version = "0.50.3"
source = "registry+https://github.com/rust-lang/crates.io-index"
checksum = "7957b9740744892f114936ab4a57b3f487491bbeafaf8083688b16841a4240e5"
dependencies = [
 "windows-sys",
]

[[package]]
name = "windows-link"
version = "0.2.1"
source = "registry+https://github.com/rust-lang/crates.io-index"
checksum = "f0805222e57f7521d6a62e36fa9163bc891acd422f971defe97d64e70d0a4fe5"

[[package]]
name = "windows-sys"
version = "0.61.2"
source = "registry+https://github.com/rust-lang/crates.io-index"
checksum = "ae137229bcbd6cdf0f7b80a31df61766145077ddf49416a728b02cb3921ff3fc"
dependencies = [
 "windows-link",
]
